// !$*UTF8*$!
{
	archiveVersion = 1;
	classes = {
	};
	objectVersion = 56;
	objects = {

/* Begin PBXBuildFile section */
		AB53B9FF2BB7E122001EDF28 /* CoreDateSave.swift in Sources */ = {isa = PBXBuildFile; fileRef = AB53B9FE2BB7E122001EDF28 /* CoreDateSave.swift */; };
		AB7EDF782BC9D1000096A29A /* EdithScreenController.swift in Sources */ = {isa = PBXBuildFile; fileRef = AB7EDF772BC9D1000096A29A /* EdithScreenController.swift */; };
		AB7EDF7B2BC9D3550096A29A /* EdithScreenView.swift in Sources */ = {isa = PBXBuildFile; fileRef = AB7EDF7A2BC9D3550096A29A /* EdithScreenView.swift */; };
		AB82BDCE2BAD003500C01145 /* NotesViewController.swift in Sources */ = {isa = PBXBuildFile; fileRef = AB82BDCD2BAD003500C01145 /* NotesViewController.swift */; };
		AB9E0BA42B728D68009C10E2 /* AppDelegate.swift in Sources */ = {isa = PBXBuildFile; fileRef = AB9E0BA32B728D68009C10E2 /* AppDelegate.swift */; };
		AB9E0BA62B728D68009C10E2 /* SceneDelegate.swift in Sources */ = {isa = PBXBuildFile; fileRef = AB9E0BA52B728D68009C10E2 /* SceneDelegate.swift */; };
		AB9E0BA82B728D68009C10E2 /* HomeViewController.swift in Sources */ = {isa = PBXBuildFile; fileRef = AB9E0BA72B728D68009C10E2 /* HomeViewController.swift */; };
		AB9E0BAE2B728D68009C10E2 /* Death_Note.xcdatamodeld in Sources */ = {isa = PBXBuildFile; fileRef = AB9E0BAC2B728D68009C10E2 /* Death_Note.xcdatamodeld */; };
		AB9E0BB02B728D69009C10E2 /* Assets.xcassets in Resources */ = {isa = PBXBuildFile; fileRef = AB9E0BAF2B728D69009C10E2 /* Assets.xcassets */; };
		AB9E0BB32B728D69009C10E2 /* LaunchScreen.storyboard in Resources */ = {isa = PBXBuildFile; fileRef = AB9E0BB12B728D69009C10E2 /* LaunchScreen.storyboard */; };
		AB9EBC7A2BACA3B300FAA4FE /* NotesView.swift in Sources */ = {isa = PBXBuildFile; fileRef = AB9EBC792BACA3B300FAA4FE /* NotesView.swift */; };
		AB9EBC7F2BACBB7700FAA4FE /* UIView + Ext.swift in Sources */ = {isa = PBXBuildFile; fileRef = AB9EBC7E2BACBB7700FAA4FE /* UIView + Ext.swift */; };
		ABDD5D7F2BA77BB5009C633C /* UIComponentHelper.swift in Sources */ = {isa = PBXBuildFile; fileRef = ABDD5D7E2BA77BB5009C633C /* UIComponentHelper.swift */; };
		ABDD5D812BA77C4E009C633C /* HomeView.swift in Sources */ = {isa = PBXBuildFile; fileRef = ABDD5D802BA77C4E009C633C /* HomeView.swift */; };
		ABFE2CF62BB3D80500B612C4 /* Themundayfreeversion-Regular.ttf in Resources */ = {isa = PBXBuildFile; fileRef = ABFE2CF52BB3D80500B612C4 /* Themundayfreeversion-Regular.ttf */; };
/* End PBXBuildFile section */

/* Begin PBXFileReference section */
		AB53B9FE2BB7E122001EDF28 /* CoreDateSave.swift */ = {isa = PBXFileReference; lastKnownFileType = sourcecode.swift; path = CoreDateSave.swift; sourceTree = "<group>"; };
		AB7EDF772BC9D1000096A29A /* EdithScreenController.swift */ = {isa = PBXFileReference; lastKnownFileType = sourcecode.swift; path = EdithScreenController.swift; sourceTree = "<group>"; };
		AB7EDF7A2BC9D3550096A29A /* EdithScreenView.swift */ = {isa = PBXFileReference; lastKnownFileType = sourcecode.swift; path = EdithScreenView.swift; sourceTree = "<group>"; };
		AB82BDCD2BAD003500C01145 /* NotesViewController.swift */ = {isa = PBXFileReference; lastKnownFileType = sourcecode.swift; path = NotesViewController.swift; sourceTree = "<group>"; };
		AB9E0BA02B728D68009C10E2 /* The Note .app */ = {isa = PBXFileReference; explicitFileType = wrapper.application; includeInIndex = 0; path = "The Note .app"; sourceTree = BUILT_PRODUCTS_DIR; };
		AB9E0BA32B728D68009C10E2 /* AppDelegate.swift */ = {isa = PBXFileReference; lastKnownFileType = sourcecode.swift; path = AppDelegate.swift; sourceTree = "<group>"; };
		AB9E0BA52B728D68009C10E2 /* SceneDelegate.swift */ = {isa = PBXFileReference; lastKnownFileType = sourcecode.swift; path = SceneDelegate.swift; sourceTree = "<group>"; };
		AB9E0BA72B728D68009C10E2 /* HomeViewController.swift */ = {isa = PBXFileReference; lastKnownFileType = sourcecode.swift; path = HomeViewController.swift; sourceTree = "<group>"; };
		AB9E0BAD2B728D68009C10E2 /* Death_Note.xcdatamodel */ = {isa = PBXFileReference; lastKnownFileType = wrapper.xcdatamodel; path = Death_Note.xcdatamodel; sourceTree = "<group>"; };
		AB9E0BAF2B728D69009C10E2 /* Assets.xcassets */ = {isa = PBXFileReference; lastKnownFileType = folder.assetcatalog; path = Assets.xcassets; sourceTree = "<group>"; };
		AB9E0BB22B728D69009C10E2 /* Base */ = {isa = PBXFileReference; lastKnownFileType = file.storyboard; name = Base; path = Base.lproj/LaunchScreen.storyboard; sourceTree = "<group>"; };
		AB9E0BB42B728D69009C10E2 /* Info.plist */ = {isa = PBXFileReference; lastKnownFileType = text.plist.xml; path = Info.plist; sourceTree = "<group>"; };
		AB9EBC792BACA3B300FAA4FE /* NotesView.swift */ = {isa = PBXFileReference; lastKnownFileType = sourcecode.swift; path = NotesView.swift; sourceTree = "<group>"; };
		AB9EBC7E2BACBB7700FAA4FE /* UIView + Ext.swift */ = {isa = PBXFileReference; lastKnownFileType = sourcecode.swift; path = "UIView + Ext.swift"; sourceTree = "<group>"; };
		ABDD5D7E2BA77BB5009C633C /* UIComponentHelper.swift */ = {isa = PBXFileReference; lastKnownFileType = sourcecode.swift; path = UIComponentHelper.swift; sourceTree = "<group>"; };
		ABDD5D802BA77C4E009C633C /* HomeView.swift */ = {isa = PBXFileReference; lastKnownFileType = sourcecode.swift; path = HomeView.swift; sourceTree = "<group>"; };
		ABFE2CF52BB3D80500B612C4 /* Themundayfreeversion-Regular.ttf */ = {isa = PBXFileReference; lastKnownFileType = file; path = "Themundayfreeversion-Regular.ttf"; sourceTree = "<group>"; };
/* End PBXFileReference section */

/* Begin PBXFrameworksBuildPhase section */
		AB9E0B9D2B728D68009C10E2 /* Frameworks */ = {
			isa = PBXFrameworksBuildPhase;
			buildActionMask = 2147483647;
			files = (
			);
			runOnlyForDeploymentPostprocessing = 0;
		};
/* End PBXFrameworksBuildPhase section */

/* Begin PBXGroup section */
		AB7306CF2BAA6B750071E07F /* Assets */ = {
			isa = PBXGroup;
			children = (
				AB9E0BAF2B728D69009C10E2 /* Assets.xcassets */,
				AB7306D02BAA6B8E0071E07F /* Fonts */,
			);
			path = Assets;
			sourceTree = "<group>";
		};
		AB7306D02BAA6B8E0071E07F /* Fonts */ = {
			isa = PBXGroup;
			children = (
				ABFE2CF52BB3D80500B612C4 /* Themundayfreeversion-Regular.ttf */,
			);
			path = Fonts;
			sourceTree = "<group>";
		};
		AB7EDF732BC9D0820096A29A /* EdithScreen */ = {
			isa = PBXGroup;
			children = (
				AB7EDF7A2BC9D3550096A29A /* EdithScreenView.swift */,
			);
			path = EdithScreen;
			sourceTree = "<group>";
		};
		AB7EDF762BC9D0F00096A29A /* EdithScreen */ = {
			isa = PBXGroup;
			children = (
				AB7EDF772BC9D1000096A29A /* EdithScreenController.swift */,
			);
			path = EdithScreen;
			sourceTree = "<group>";
		};
		AB9E0B972B728D68009C10E2 = {
			isa = PBXGroup;
			children = (
				AB9E0BA22B728D68009C10E2 /* The Note */,
				AB9E0BA12B728D68009C10E2 /* Products */,
			);
			sourceTree = "<group>";
		};
		AB9E0BA12B728D68009C10E2 /* Products */ = {
			isa = PBXGroup;
			children = (
				AB9E0BA02B728D68009C10E2 /* The Note .app */,
			);
			name = Products;
			sourceTree = "<group>";
		};
		AB9E0BA22B728D68009C10E2 /* The Note */ = {
			isa = PBXGroup;
			children = (
				AB9EBC7D2BACBB6900FAA4FE /* Extensions */,
				ABDD5D7D2BA77BA1009C633C /* Helpers */,
				AB7306CF2BAA6B750071E07F /* Assets */,
				ABDD5D7C2BA77B3D009C633C /* Models */,
				ABDD5D7B2BA77B2F009C633C /* Views */,
				ABDD5D7A2BA77B28009C633C /* Controllers */,
				ABE696C22B7517E30024FD15 /* Supporting  */,
				AB9E0BB12B728D69009C10E2 /* LaunchScreen.storyboard */,
				AB9E0BB42B728D69009C10E2 /* Info.plist */,
				AB9E0BAC2B728D68009C10E2 /* Death_Note.xcdatamodeld */,
			);
			path = "The Note";
			sourceTree = "<group>";
		};
		AB9EBC782BACA39C00FAA4FE /* NotesView */ = {
			isa = PBXGroup;
			children = (
				AB9EBC792BACA3B300FAA4FE /* NotesView.swift */,
			);
			path = NotesView;
			sourceTree = "<group>";
		};
		AB9EBC7C2BACA49A00FAA4FE /* NotesController */ = {
			isa = PBXGroup;
			children = (
				AB82BDCD2BAD003500C01145 /* NotesViewController.swift */,
			);
			path = NotesController;
			sourceTree = "<group>";
		};
		AB9EBC7D2BACBB6900FAA4FE /* Extensions */ = {
			isa = PBXGroup;
			children = (
				AB9EBC7E2BACBB7700FAA4FE /* UIView + Ext.swift */,
			);
			path = Extensions;
			sourceTree = "<group>";
		};
		ABDD5D7A2BA77B28009C633C /* Controllers */ = {
			isa = PBXGroup;
			children = (
				AB7EDF762BC9D0F00096A29A /* EdithScreen */,
				AB9EBC7C2BACA49A00FAA4FE /* NotesController */,
				ABDD5D822BA7803F009C633C /* HomeController */,
			);
			path = Controllers;
			sourceTree = "<group>";
		};
		ABDD5D7B2BA77B2F009C633C /* Views */ = {
			isa = PBXGroup;
			children = (
				AB7EDF732BC9D0820096A29A /* EdithScreen */,
				AB9EBC782BACA39C00FAA4FE /* NotesView */,
				ABDD5D832BA7804B009C633C /* Home */,
			);
			path = Views;
			sourceTree = "<group>";
		};
		ABDD5D7C2BA77B3D009C633C /* Models */ = {
			isa = PBXGroup;
			children = (
				AB53B9FE2BB7E122001EDF28 /* CoreDateSave.swift */,
			);
			path = Models;
			sourceTree = "<group>";
		};
		ABDD5D7D2BA77BA1009C633C /* Helpers */ = {
			isa = PBXGroup;
			children = (
				ABDD5D7E2BA77BB5009C633C /* UIComponentHelper.swift */,
			);
			path = Helpers;
			sourceTree = "<group>";
		};
		ABDD5D822BA7803F009C633C /* HomeController */ = {
			isa = PBXGroup;
			children = (
				AB9E0BA72B728D68009C10E2 /* HomeViewController.swift */,
			);
			path = HomeController;
			sourceTree = "<group>";
		};
		ABDD5D832BA7804B009C633C /* Home */ = {
			isa = PBXGroup;
			children = (
				ABDD5D802BA77C4E009C633C /* HomeView.swift */,
			);
			path = Home;
			sourceTree = "<group>";
		};
		ABE696C22B7517E30024FD15 /* Supporting  */ = {
			isa = PBXGroup;
			children = (
				AB9E0BA32B728D68009C10E2 /* AppDelegate.swift */,
				AB9E0BA52B728D68009C10E2 /* SceneDelegate.swift */,
			);
			path = "Supporting ";
			sourceTree = "<group>";
		};
/* End PBXGroup section */

/* Begin PBXNativeTarget section */
		AB9E0B9F2B728D68009C10E2 /* The Note  */ = {
			isa = PBXNativeTarget;
			buildConfigurationList = AB9E0BB72B728D69009C10E2 /* Build configuration list for PBXNativeTarget "The Note " */;
			buildPhases = (
				AB9E0B9C2B728D68009C10E2 /* Sources */,
				AB9E0B9D2B728D68009C10E2 /* Frameworks */,
				AB9E0B9E2B728D68009C10E2 /* Resources */,
			);
			buildRules = (
			);
			dependencies = (
			);
			name = "The Note ";
			productName = "Death Note";
			productReference = AB9E0BA02B728D68009C10E2 /* The Note .app */;
			productType = "com.apple.product-type.application";
		};
/* End PBXNativeTarget section */

/* Begin PBXProject section */
		AB9E0B982B728D68009C10E2 /* Project object */ = {
			isa = PBXProject;
			attributes = {
				BuildIndependentTargetsInParallel = 1;
				LastSwiftUpdateCheck = 1500;
				LastUpgradeCheck = 1500;
				TargetAttributes = {
					AB9E0B9F2B728D68009C10E2 = {
						CreatedOnToolsVersion = 15.0.1;
					};
				};
			};
			buildConfigurationList = AB9E0B9B2B728D68009C10E2 /* Build configuration list for PBXProject "The Note " */;
			compatibilityVersion = "Xcode 14.0";
			developmentRegion = en;
			hasScannedForEncodings = 0;
			knownRegions = (
				en,
				Base,
			);
			mainGroup = AB9E0B972B728D68009C10E2;
			productRefGroup = AB9E0BA12B728D68009C10E2 /* Products */;
			projectDirPath = "";
			projectRoot = "";
			targets = (
				AB9E0B9F2B728D68009C10E2 /* The Note  */,
			);
		};
/* End PBXProject section */

/* Begin PBXResourcesBuildPhase section */
		AB9E0B9E2B728D68009C10E2 /* Resources */ = {
			isa = PBXResourcesBuildPhase;
			buildActionMask = 2147483647;
			files = (
				ABFE2CF62BB3D80500B612C4 /* Themundayfreeversion-Regular.ttf in Resources */,
				AB9E0BB32B728D69009C10E2 /* LaunchScreen.storyboard in Resources */,
				AB9E0BB02B728D69009C10E2 /* Assets.xcassets in Resources */,
			);
			runOnlyForDeploymentPostprocessing = 0;
		};
/* End PBXResourcesBuildPhase section */

/* Begin PBXSourcesBuildPhase section */
		AB9E0B9C2B728D68009C10E2 /* Sources */ = {
			isa = PBXSourcesBuildPhase;
			buildActionMask = 2147483647;
			files = (
				AB9E0BA82B728D68009C10E2 /* HomeViewController.swift in Sources */,
				ABDD5D812BA77C4E009C633C /* HomeView.swift in Sources */,
				AB7EDF782BC9D1000096A29A /* EdithScreenController.swift in Sources */,
				AB9E0BA42B728D68009C10E2 /* AppDelegate.swift in Sources */,
				AB9E0BAE2B728D68009C10E2 /* Death_Note.xcdatamodeld in Sources */,
				AB53B9FF2BB7E122001EDF28 /* CoreDateSave.swift in Sources */,
				AB9EBC7F2BACBB7700FAA4FE /* UIView + Ext.swift in Sources */,
				ABDD5D7F2BA77BB5009C633C /* UIComponentHelper.swift in Sources */,
				AB82BDCE2BAD003500C01145 /* NotesViewController.swift in Sources */,
				AB7EDF7B2BC9D3550096A29A /* EdithScreenView.swift in Sources */,
				AB9E0BA62B728D68009C10E2 /* SceneDelegate.swift in Sources */,
				AB9EBC7A2BACA3B300FAA4FE /* NotesView.swift in Sources */,
			);
			runOnlyForDeploymentPostprocessing = 0;
		};
/* End PBXSourcesBuildPhase section */

/* Begin PBXVariantGroup section */
		AB9E0BB12B728D69009C10E2 /* LaunchScreen.storyboard */ = {
			isa = PBXVariantGroup;
			children = (
				AB9E0BB22B728D69009C10E2 /* Base */,
			);
			name = LaunchScreen.storyboard;
			sourceTree = "<group>";
		};
/* End PBXVariantGroup section */

/* Begin XCBuildConfiguration section */
		AB9E0BB52B728D69009C10E2 /* Debug */ = {
			isa = XCBuildConfiguration;
			buildSettings = {
				ALWAYS_SEARCH_USER_PATHS = NO;
				ASSETCATALOG_COMPILER_GENERATE_SWIFT_ASSET_SYMBOL_EXTENSIONS = YES;
				CLANG_ANALYZER_NONNULL = YES;
				CLANG_ANALYZER_NUMBER_OBJECT_CONVERSION = YES_AGGRESSIVE;
				CLANG_CXX_LANGUAGE_STANDARD = "gnu++20";
				CLANG_ENABLE_MODULES = YES;
				CLANG_ENABLE_OBJC_ARC = YES;
				CLANG_ENABLE_OBJC_WEAK = YES;
				CLANG_WARN_BLOCK_CAPTURE_AUTORELEASING = YES;
				CLANG_WARN_BOOL_CONVERSION = YES;
				CLANG_WARN_COMMA = YES;
				CLANG_WARN_CONSTANT_CONVERSION = YES;
				CLANG_WARN_DEPRECATED_OBJC_IMPLEMENTATIONS = YES;
				CLANG_WARN_DIRECT_OBJC_ISA_USAGE = YES_ERROR;
				CLANG_WARN_DOCUMENTATION_COMMENTS = YES;
				CLANG_WARN_EMPTY_BODY = YES;
				CLANG_WARN_ENUM_CONVERSION = YES;
				CLANG_WARN_INFINITE_RECURSION = YES;
				CLANG_WARN_INT_CONVERSION = YES;
				CLANG_WARN_NON_LITERAL_NULL_CONVERSION = YES;
				CLANG_WARN_OBJC_IMPLICIT_RETAIN_SELF = YES;
				CLANG_WARN_OBJC_LITERAL_CONVERSION = YES;
				CLANG_WARN_OBJC_ROOT_CLASS = YES_ERROR;
				CLANG_WARN_QUOTED_INCLUDE_IN_FRAMEWORK_HEADER = YES;
				CLANG_WARN_RANGE_LOOP_ANALYSIS = YES;
				CLANG_WARN_STRICT_PROTOTYPES = YES;
				CLANG_WARN_SUSPICIOUS_MOVE = YES;
				CLANG_WARN_UNGUARDED_AVAILABILITY = YES_AGGRESSIVE;
				CLANG_WARN_UNREACHABLE_CODE = YES;
				CLANG_WARN__DUPLICATE_METHOD_MATCH = YES;
				COPY_PHASE_STRIP = NO;
				DEBUG_INFORMATION_FORMAT = dwarf;
				ENABLE_STRICT_OBJC_MSGSEND = YES;
				ENABLE_TESTABILITY = YES;
				ENABLE_USER_SCRIPT_SANDBOXING = YES;
				GCC_C_LANGUAGE_STANDARD = gnu17;
				GCC_DYNAMIC_NO_PIC = NO;
				GCC_NO_COMMON_BLOCKS = YES;
				GCC_OPTIMIZATION_LEVEL = 0;
				GCC_PREPROCESSOR_DEFINITIONS = (
					"DEBUG=1",
					"$(inherited)",
				);
				GCC_WARN_64_TO_32_BIT_CONVERSION = YES;
				GCC_WARN_ABOUT_RETURN_TYPE = YES_ERROR;
				GCC_WARN_UNDECLARED_SELECTOR = YES;
				GCC_WARN_UNINITIALIZED_AUTOS = YES_AGGRESSIVE;
				GCC_WARN_UNUSED_FUNCTION = YES;
				GCC_WARN_UNUSED_VARIABLE = YES;
				IPHONEOS_DEPLOYMENT_TARGET = 17.0;
				LOCALIZATION_PREFERS_STRING_CATALOGS = YES;
				MTL_ENABLE_DEBUG_INFO = INCLUDE_SOURCE;
				MTL_FAST_MATH = YES;
				ONLY_ACTIVE_ARCH = YES;
				SDKROOT = iphoneos;
				SWIFT_ACTIVE_COMPILATION_CONDITIONS = "DEBUG $(inherited)";
				SWIFT_OPTIMIZATION_LEVEL = "-Onone";
			};
			name = Debug;
		};
		AB9E0BB62B728D69009C10E2 /* Release */ = {
			isa = XCBuildConfiguration;
			buildSettings = {
				ALWAYS_SEARCH_USER_PATHS = NO;
				ASSETCATALOG_COMPILER_GENERATE_SWIFT_ASSET_SYMBOL_EXTENSIONS = YES;
				CLANG_ANALYZER_NONNULL = YES;
				CLANG_ANALYZER_NUMBER_OBJECT_CONVERSION = YES_AGGRESSIVE;
				CLANG_CXX_LANGUAGE_STANDARD = "gnu++20";
				CLANG_ENABLE_MODULES = YES;
				CLANG_ENABLE_OBJC_ARC = YES;
				CLANG_ENABLE_OBJC_WEAK = YES;
				CLANG_WARN_BLOCK_CAPTURE_AUTORELEASING = YES;
				CLANG_WARN_BOOL_CONVERSION = YES;
				CLANG_WARN_COMMA = YES;
				CLANG_WARN_CONSTANT_CONVERSION = YES;
				CLANG_WARN_DEPRECATED_OBJC_IMPLEMENTATIONS = YES;
				CLANG_WARN_DIRECT_OBJC_ISA_USAGE = YES_ERROR;
				CLANG_WARN_DOCUMENTATION_COMMENTS = YES;
				CLANG_WARN_EMPTY_BODY = YES;
				CLANG_WARN_ENUM_CONVERSION = YES;
				CLANG_WARN_INFINITE_RECURSION = YES;
				CLANG_WARN_INT_CONVERSION = YES;
				CLANG_WARN_NON_LITERAL_NULL_CONVERSION = YES;
				CLANG_WARN_OBJC_IMPLICIT_RETAIN_SELF = YES;
				CLANG_WARN_OBJC_LITERAL_CONVERSION = YES;
				CLANG_WARN_OBJC_ROOT_CLASS = YES_ERROR;
				CLANG_WARN_QUOTED_INCLUDE_IN_FRAMEWORK_HEADER = YES;
				CLANG_WARN_RANGE_LOOP_ANALYSIS = YES;
				CLANG_WARN_STRICT_PROTOTYPES = YES;
				CLANG_WARN_SUSPICIOUS_MOVE = YES;
				CLANG_WARN_UNGUARDED_AVAILABILITY = YES_AGGRESSIVE;
				CLANG_WARN_UNREACHABLE_CODE = YES;
				CLANG_WARN__DUPLICATE_METHOD_MATCH = YES;
				COPY_PHASE_STRIP = NO;
				DEBUG_INFORMATION_FORMAT = "dwarf-with-dsym";
				ENABLE_NS_ASSERTIONS = NO;
				ENABLE_STRICT_OBJC_MSGSEND = YES;
				ENABLE_USER_SCRIPT_SANDBOXING = YES;
				GCC_C_LANGUAGE_STANDARD = gnu17;
				GCC_NO_COMMON_BLOCKS = YES;
				GCC_WARN_64_TO_32_BIT_CONVERSION = YES;
				GCC_WARN_ABOUT_RETURN_TYPE = YES_ERROR;
				GCC_WARN_UNDECLARED_SELECTOR = YES;
				GCC_WARN_UNINITIALIZED_AUTOS = YES_AGGRESSIVE;
				GCC_WARN_UNUSED_FUNCTION = YES;
				GCC_WARN_UNUSED_VARIABLE = YES;
				IPHONEOS_DEPLOYMENT_TARGET = 17.0;
				LOCALIZATION_PREFERS_STRING_CATALOGS = YES;
				MTL_ENABLE_DEBUG_INFO = NO;
				MTL_FAST_MATH = YES;
				SDKROOT = iphoneos;
				SWIFT_COMPILATION_MODE = wholemodule;
				VALIDATE_PRODUCT = YES;
			};
			name = Release;
		};
		AB9E0BB82B728D69009C10E2 /* Debug */ = {
			isa = XCBuildConfiguration;
			buildSettings = {
				ASSETCATALOG_COMPILER_APPICON_NAME = AppIcon;
				ASSETCATALOG_COMPILER_GLOBAL_ACCENT_COLOR_NAME = AccentColor;
				CODE_SIGN_STYLE = Automatic;
				CURRENT_PROJECT_VERSION = 1;
				DEVELOPMENT_TEAM = NVHXX3267W;
				GENERATE_INFOPLIST_FILE = YES;
				INFOPLIST_FILE = "The Note/Info.plist";
				INFOPLIST_KEY_UIApplicationSupportsIndirectInputEvents = YES;
				INFOPLIST_KEY_UILaunchStoryboardName = LaunchScreen;
				INFOPLIST_KEY_UISupportedInterfaceOrientations_iPad = "UIInterfaceOrientationPortrait UIInterfaceOrientationPortraitUpsideDown UIInterfaceOrientationLandscapeLeft UIInterfaceOrientationLandscapeRight";
				INFOPLIST_KEY_UISupportedInterfaceOrientations_iPhone = "UIInterfaceOrientationPortrait UIInterfaceOrientationLandscapeLeft UIInterfaceOrientationLandscapeRight";
				LD_RUNPATH_SEARCH_PATHS = (
					"$(inherited)",
					"@executable_path/Frameworks",
				);
				MARKETING_VERSION = 1.0;
				PRODUCT_BUNDLE_IDENTIFIER = "efekangvndk.com.Death-Note";
				PRODUCT_NAME = "$(TARGET_NAME)";
				SWIFT_EMIT_LOC_STRINGS = YES;
				SWIFT_VERSION = 5.0;
				TARGETED_DEVICE_FAMILY = "1,2";
			};
			name = Debug;
		};
		AB9E0BB92B728D69009C10E2 /* Release */ = {
			isa = XCBuildConfiguration;
			buildSettings = {
				ASSETCATALOG_COMPILER_APPICON_NAME = AppIcon;
				ASSETCATALOG_COMPILER_GLOBAL_ACCENT_COLOR_NAME = AccentColor;
				CODE_SIGN_STYLE = Automatic;
				CURRENT_PROJECT_VERSION = 1;
				DEVELOPMENT_TEAM = NVHXX3267W;
				GENERATE_INFOPLIST_FILE = YES;
				INFOPLIST_FILE = "The Note/Info.plist";
				INFOPLIST_KEY_UIApplicationSupportsIndirectInputEvents = YES;
				INFOPLIST_KEY_UILaunchStoryboardName = LaunchScreen;
				INFOPLIST_KEY_UISupportedInterfaceOrientations_iPad = "UIInterfaceOrientationPortrait UIInterfaceOrientationPortraitUpsideDown UIInterfaceOrientationLandscapeLeft UIInterfaceOrientationLandscapeRight";
				INFOPLIST_KEY_UISupportedInterfaceOrientations_iPhone = "UIInterfaceOrientationPortrait UIInterfaceOrientationLandscapeLeft UIInterfaceOrientationLandscapeRight";
				LD_RUNPATH_SEARCH_PATHS = (
					"$(inherited)",
					"@executable_path/Frameworks",
				);
				MARKETING_VERSION = 1.0;
				PRODUCT_BUNDLE_IDENTIFIER = "efekangvndk.com.Death-Note";
				PRODUCT_NAME = "$(TARGET_NAME)";
				SWIFT_EMIT_LOC_STRINGS = YES;
				SWIFT_VERSION = 5.0;
				TARGETED_DEVICE_FAMILY = "1,2";
			};
			name = Release;
		};
/* End XCBuildConfiguration section */

/* Begin XCConfigurationList section */
		AB9E0B9B2B728D68009C10E2 /* Build configuration list for PBXProject "The Note " */ = {
			isa = XCConfigurationList;
			buildConfigurations = (
				AB9E0BB52B728D69009C10E2 /* Debug */,
				AB9E0BB62B728D69009C10E2 /* Release */,
			);
			defaultConfigurationIsVisible = 0;
			defaultConfigurationName = Release;
		};
		AB9E0BB72B728D69009C10E2 /* Build configuration list for PBXNativeTarget "The Note " */ = {
			isa = XCConfigurationList;
			buildConfigurations = (
				AB9E0BB82B728D69009C10E2 /* Debug */,
				AB9E0BB92B728D69009C10E2 /* Release */,
			);
			defaultConfigurationIsVisible = 0;
			defaultConfigurationName = Release;
		};
/* End XCConfigurationList section */

/* Begin XCVersionGroup section */
		AB9E0BAC2B728D68009C10E2 /* Death_Note.xcdatamodeld */ = {
			isa = XCVersionGroup;
			children = (
				AB9E0BAD2B728D68009C10E2 /* Death_Note.xcdatamodel */,
			);
			currentVersion = AB9E0BAD2B728D68009C10E2 /* Death_Note.xcdatamodel */;
			path = Death_Note.xcdatamodeld;
			sourceTree = "<group>";
			versionGroupType = wrapper.xcdatamodel;
		};
/* End XCVersionGroup section */
	};
	rootObject = AB9E0B982B728D68009C10E2 /* Project object */;
}
